{
  "lockfile_version": "1",
  "packages": {
    "go@1.24.4": {
      "last_modified": "2025-06-20T02:24:11Z",
      "resolved": "github:NixOS/nixpkgs/076e8c6678d8c54204abcb4b1b14c366835a58bb#go",
      "source": "devbox-search",
      "version": "1.24.4",
      "systems": {
        "aarch64-darwin": {
          "outputs": [
            {
              "name": "out",
              "path": "/nix/store/rq7irijkj3nhapmjcv9d96xgkisj55x2-go-1.24.4",
              "default": true
            }
          ],
          "store_path": "/nix/store/rq7irijkj3nhapmjcv9d96xgkisj55x2-go-1.24.4"
        },
        "aarch64-linux": {
          "outputs": [
            {
              "name": "out",
              "path": "/nix/store/9f64p4ip4iz2nba4wyhn1baq6b6pb6ss-go-1.24.4",
              "default": true
            }
          ],
          "store_path": "/nix/store/9f64p4ip4iz2nba4wyhn1baq6b6pb6ss-go-1.24.4"
        },
        "x86_64-darwin": {
          "outputs": [
            {
              "name": "out",
              "path": "/nix/store/n0gqcdpdk0ap2ikasi36r0szwpk2g35q-go-1.24.4",
              "default": true
            }
          ],
          "store_path": "/nix/store/n0gqcdpdk0ap2ikasi36r0szwpk2g35q-go-1.24.4"
        },
        "x86_64-linux": {
          "outputs": [
            {
              "name": "out",
              "path": "/nix/store/mdn9hnvf0qmxywbrpbywmxww2adxdn5v-go-1.24.4",
              "default": true
            }
          ],
          "store_path": "/nix/store/mdn9hnvf0qmxywbrpbywmxww2adxdn5v-go-1.24.4"
        }
      }
    },
    "gofumpt@0.8.0": {
      "last_modified": "2025-05-06T08:06:31Z",
      "resolved": "github:NixOS/nixpkgs/1cb1c02a6b1b7cf67e3d7731cbbf327a53da9679#gofumpt",
      "source": "devbox-search",
      "version": "0.8.0",
      "systems": {
        "aarch64-darwin": {
          "outputs": [
            {
              "name": "out",
              "path": "/nix/store/mvv98c7nz3pf8aygvpflrfflgm8v24m5-gofumpt-0.8.0",
              "default": true
            }
          ],
          "store_path": "/nix/store/mvv98c7nz3pf8aygvpflrfflgm8v24m5-gofumpt-0.8.0"
        },
        "aarch64-linux": {
          "outputs": [
            {
              "name": "out",
              "path": "/nix/store/i2a86djb0gkb9d3pqikkm38cmkslf85p-gofumpt-0.8.0",
              "default": true
            }
          ],
          "store_path": "/nix/store/i2a86djb0gkb9d3pqikkm38cmkslf85p-gofumpt-0.8.0"
        },
        "x86_64-darwin": {
          "outputs": [
            {
              "name": "out",
              "path": "/nix/store/b46f63s8pyx8k54bahzvz79c11jsvb6f-gofumpt-0.8.0",
              "default": true
            }
          ],
          "store_path": "/nix/store/b46f63s8pyx8k54bahzvz79c11jsvb6f-gofumpt-0.8.0"
        },
        "x86_64-linux": {
          "outputs": [
            {
              "name": "out",
              "path": "/nix/store/lv07ds1py5334bin7dz4hicn55b8n46m-gofumpt-0.8.0",
              "default": true
            }
          ],
          "store_path": "/nix/store/lv07ds1py5334bin7dz4hicn55b8n46m-gofumpt-0.8.0"
        }
      }
    },
    "golangci-lint@1.64.8": {
      "last_modified": "2025-03-23T14:04:58Z",
      "resolved": "github:NixOS/nixpkgs/f3a2a0601e9669a6e38af25b46ce6c4563bcb6da#golangci-lint",
      "source": "devbox-search",
      "version": "1.64.8",
      "systems": {
        "aarch64-darwin": {
          "outputs": [
            {
              "name": "out",
              "path": "/nix/store/8142ildg0bp11j0ssdc77il5rxv25sm8-golangci-lint-1.64.8",
              "default": true
            }
          ],
          "store_path": "/nix/store/8142ildg0bp11j0ssdc77il5rxv25sm8-golangci-lint-1.64.8"
        },
        "aarch64-linux": {
          "outputs": [
            {
              "name": "out",
              "path": "/nix/store/pl31v3jjbrf8l0ll7xg40dw3s2xgxbaa-golangci-lint-1.64.8",
              "default": true
            }
          ],
          "store_path": "/nix/store/pl31v3jjbrf8l0ll7xg40dw3s2xgxbaa-golangci-lint-1.64.8"
        },
        "x86_64-darwin": {
          "outputs": [
            {
              "name": "out",
              "path": "/nix/store/0lz3b95c0y9mh95dl0jyiyn76fjxq3yf-golangci-lint-1.64.8",
              "default": true
            }
          ],
          "store_path": "/nix/store/0lz3b95c0y9mh95dl0jyiyn76fjxq3yf-golangci-lint-1.64.8"
        },
        "x86_64-linux": {
          "outputs": [
            {
              "name": "out",
              "path": "/nix/store/9xz2x85fpbblk2mpwj54azimxx4cvkb1-golangci-lint-1.64.8",
              "default": true
            }
          ],
          "store_path": "/nix/store/9xz2x85fpbblk2mpwj54azimxx4cvkb1-golangci-lint-1.64.8"
        }
      }
    },
    "golines@0.12.2": {
      "last_modified": "2025-06-20T02:24:11Z",
      "resolved": "github:NixOS/nixpkgs/076e8c6678d8c54204abcb4b1b14c366835a58bb#golines",
      "source": "devbox-search",
      "version": "0.12.2",
      "systems": {
        "aarch64-darwin": {
          "outputs": [
            {
              "name": "out",
              "path": "/nix/store/0323l90s4k2a43virf57l5nvmny0pvq8-golines-0.12.2",
              "default": true
            }
          ],
          "store_path": "/nix/store/0323l90s4k2a43virf57l5nvmny0pvq8-golines-0.12.2"
        },
        "aarch64-linux": {
          "outputs": [
            {
              "name": "out",
              "path": "/nix/store/gs9xfmj78gyj1wfkl658ji6snmfndgjd-golines-0.12.2",
              "default": true
            }
          ],
          "store_path": "/nix/store/gs9xfmj78gyj1wfkl658ji6snmfndgjd-golines-0.12.2"
        },
        "x86_64-darwin": {
          "outputs": [
            {
              "name": "out",
              "path": "/nix/store/f7k2iwn06dfwfiir53bm8jd2x7djq6w4-golines-0.12.2",
              "default": true
            }
          ],
          "store_path": "/nix/store/f7k2iwn06dfwfiir53bm8jd2x7djq6w4-golines-0.12.2"
        },
        "x86_64-linux": {
          "outputs": [
            {
              "name": "out",
              "path": "/nix/store/3j70q307syh1lkm0mkbpabvfmdz72brf-golines-0.12.2",
              "default": true
            }
          ],
          "store_path": "/nix/store/3j70q307syh1lkm0mkbpabvfmdz72brf-golines-0.12.2"
        }
      }
    },
    "gosec@2.22.5": {
      "last_modified": "2025-06-20T02:24:11Z",
      "resolved": "github:NixOS/nixpkgs/076e8c6678d8c54204abcb4b1b14c366835a58bb#gosec",
      "source": "devbox-search",
      "version": "2.22.5",
      "systems": {
        "aarch64-darwin": {
          "outputs": [
            {
              "name": "out",
              "path": "/nix/store/kpkzz5a19q9b15p2wm8w6qdhg8m69d57-gosec-2.22.5",
              "default": true
            }
          ],
          "store_path": "/nix/store/kpkzz5a19q9b15p2wm8w6qdhg8m69d57-gosec-2.22.5"
        },
        "aarch64-linux": {
          "outputs": [
            {
              "name": "out",
              "path": "/nix/store/qrs3q6in3fxhlz70cl3mh0vkja7bhv6x-gosec-2.22.5",
              "default": true
            }
          ],
          "store_path": "/nix/store/qrs3q6in3fxhlz70cl3mh0vkja7bhv6x-gosec-2.22.5"
        },
        "x86_64-darwin": {
          "outputs": [
            {
              "name": "out",
              "path": "/nix/store/3s7s77967l165pklkmwbcafrd3fvqpv6-gosec-2.22.5",
              "default": true
            }
          ],
          "store_path": "/nix/store/3s7s77967l165pklkmwbcafrd3fvqpv6-gosec-2.22.5"
        },
        "x86_64-linux": {
          "outputs": [
            {
              "name": "out",
              "path": "/nix/store/aq3h09d4ywfqpphwbfiixnkvvr8rffmc-gosec-2.22.5",
              "default": true
            }
          ],
          "store_path": "/nix/store/aq3h09d4ywfqpphwbfiixnkvvr8rffmc-gosec-2.22.5"
        }
      }
    },
    "gotools@0.34.0": {
      "last_modified": "2025-06-20T02:24:11Z",
      "resolved": "github:NixOS/nixpkgs/076e8c6678d8c54204abcb4b1b14c366835a58bb#gotools",
      "source": "devbox-search",
      "version": "0.34.0",
      "systems": {
        "aarch64-darwin": {
          "outputs": [
            {
              "name": "out",
              "path": "/nix/store/sil2z311kv30dz4v9rc1q413vcrmprb5-gotools-0.34.0",
              "default": true
            }
          ],
          "store_path": "/nix/store/sil2z311kv30dz4v9rc1q413vcrmprb5-gotools-0.34.0"
        },
        "aarch64-linux": {
          "outputs": [
            {
              "name": "out",
              "path": "/nix/store/rwfgxxfbxqrvhm72k5zl8x5jrjkpsqyc-gotools-0.34.0",
              "default": true
            }
          ],
          "store_path": "/nix/store/rwfgxxfbxqrvhm72k5zl8x5jrjkpsqyc-gotools-0.34.0"
        },
        "x86_64-darwin": {
          "outputs": [
            {
              "name": "out",
              "path": "/nix/store/np9m6hxs2fl5kk1q7q88zdwdqw5ds4yi-gotools-0.34.0",
              "default": true
            }
          ],
          "store_path": "/nix/store/np9m6hxs2fl5kk1q7q88zdwdqw5ds4yi-gotools-0.34.0"
        },
        "x86_64-linux": {
          "outputs": [
            {
              "name": "out",
              "path": "/nix/store/limn5hfcj0gvlsjsc734sfh9yr56b405-gotools-0.34.0",
              "default": true
            }
          ],
          "store_path": "/nix/store/limn5hfcj0gvlsjsc734sfh9yr56b405-gotools-0.34.0"
        }
      }
    },
    "govulncheck@1.1.4": {
      "last_modified": "2025-06-20T02:24:11Z",
      "resolved": "github:NixOS/nixpkgs/076e8c6678d8c54204abcb4b1b14c366835a58bb#govulncheck",
      "source": "devbox-search",
      "version": "1.1.4",
      "systems": {
        "aarch64-darwin": {
          "outputs": [
            {
              "name": "out",
              "path": "/nix/store/3sibk0xay3jncsayvk9bh3bb0wiqib2r-govulncheck-1.1.4",
              "default": true
            }
          ],
          "store_path": "/nix/store/3sibk0xay3jncsayvk9bh3bb0wiqib2r-govulncheck-1.1.4"
        },
        "aarch64-linux": {
          "outputs": [
            {
              "name": "out",
              "path": "/nix/store/f90gg124a216wlgqdkdbdqq4pghmi4li-govulncheck-1.1.4",
              "default": true
            }
          ],
          "store_path": "/nix/store/f90gg124a216wlgqdkdbdqq4pghmi4li-govulncheck-1.1.4"
        },
        "x86_64-darwin": {
          "outputs": [
            {
              "name": "out",
              "path": "/nix/store/fcfpbi757yhx440d5waay0p883jzanp3-govulncheck-1.1.4",
              "default": true
            }
          ],
          "store_path": "/nix/store/fcfpbi757yhx440d5waay0p883jzanp3-govulncheck-1.1.4"
        },
        "x86_64-linux": {
          "outputs": [
            {
              "name": "out",
              "path": "/nix/store/6fqrxllrx6b0s4jib7pwcq38nbihqd9p-govulncheck-1.1.4",
              "default": true
            }
          ],
          "store_path": "/nix/store/6fqrxllrx6b0s4jib7pwcq38nbihqd9p-govulncheck-1.1.4"
        }
      }
    },
    "mockgen@1.6.0": {
      "last_modified": "2023-12-13T22:54:10Z",
      "resolved": "github:NixOS/nixpkgs/fd04bea4cbf76f86f244b9e2549fca066db8ddff#mockgen",
      "source": "devbox-search",
      "version": "1.6.0",
      "systems": {
        "aarch64-darwin": {
          "outputs": [
            {
              "name": "out",
              "path": "/nix/store/8jsr1j1h8g3k3j5rg8vv79aviffxrfny-mockgen-1.6.0",
              "default": true
            }
          ],
          "store_path": "/nix/store/8jsr1j1h8g3k3j5rg8vv79aviffxrfny-mockgen-1.6.0"
        },
        "aarch64-linux": {
          "outputs": [
            {
              "name": "out",
              "path": "/nix/store/34rrlc5lz43mibljdd7ai0qyi7zcq4ic-mockgen-1.6.0",
              "default": true
            }
          ],
          "store_path": "/nix/store/34rrlc5lz43mibljdd7ai0qyi7zcq4ic-mockgen-1.6.0"
        },
        "x86_64-darwin": {
          "outputs": [
            {
              "name": "out",
              "path": "/nix/store/cj1r5vllmiq7fh4izsmlacjrdkw2h4b5-mockgen-1.6.0",
              "default": true
            }
          ],
          "store_path": "/nix/store/cj1r5vllmiq7fh4izsmlacjrdkw2h4b5-mockgen-1.6.0"
        },
        "x86_64-linux": {
          "outputs": [
            {
              "name": "out",
              "path": "/nix/store/hs49h3p9ss5f5bqv6phgsx93s4cawif2-mockgen-1.6.0",
              "default": true
            }
          ],
          "store_path": "/nix/store/hs49h3p9ss5f5bqv6phgsx93s4cawif2-mockgen-1.6.0"
        }
      }
    },
    "yarn@1.22.22": {
      "last_modified": "2025-06-20T02:24:11Z",
      "resolved": "github:NixOS/nixpkgs/076e8c6678d8c54204abcb4b1b14c366835a58bb#yarn",
      "source": "devbox-search",
      "version": "1.22.22",
      "systems": {
        "aarch64-darwin": {
          "outputs": [
            {
              "name": "out",
              "path": "/nix/store/k2b00nykr3pr34xcz4vn4xfhknd59rr2-yarn-1.22.22",
              "default": true
            }
          ],
          "store_path": "/nix/store/k2b00nykr3pr34xcz4vn4xfhknd59rr2-yarn-1.22.22"
        },
        "aarch64-linux": {
          "outputs": [
            {
              "name": "out",
              "path": "/nix/store/z1baspkzkiaj0k3faxwvk130ilbhi9lm-yarn-1.22.22",
              "default": true
            }
          ],
          "store_path": "/nix/store/z1baspkzkiaj0k3faxwvk130ilbhi9lm-yarn-1.22.22"
        },
        "x86_64-darwin": {
          "outputs": [
            {
              "name": "out",
              "path": "/nix/store/crfwdq90h9byj2njzpr610s0gwxhjqwc-yarn-1.22.22",
              "default": true
            }
          ],
          "store_path": "/nix/store/crfwdq90h9byj2njzpr610s0gwxhjqwc-yarn-1.22.22"
        },
        "x86_64-linux": {
          "outputs": [
            {
              "name": "out",
              "path": "/nix/store/fp98fzb6mw6159pbgnwrhpag4w3mc8zq-yarn-1.22.22",
              "default": true
            }
          ],
          "store_path": "/nix/store/fp98fzb6mw6159pbgnwrhpag4w3mc8zq-yarn-1.22.22"
        }
      }
    }
  }
}
