{
  "lockfile_version": "1",
  "packages": {
    "cspell@9.7.0": {
      "last_modified": "2026-06-28T08:48:41Z",
      "resolved": "github:NixOS/nixpkgs/e1c1b84752fb0897897380a3cae9dc7fcab91ca3#cspell",
      "source": "devbox-search",
      "version": "9.7.0",
      "systems": {
        "aarch64-darwin": {
          "outputs": [
            {
              "name": "out",
              "path": "/nix/store/y2vhas1z8hzb1z1d90hsrrbc18gz622v-cspell-9.7.0",
              "default": true
            }
          ],
          "store_path": "/nix/store/y2vhas1z8hzb1z1d90hsrrbc18gz622v-cspell-9.7.0"
        },
        "aarch64-linux": {
          "outputs": [
            {
              "name": "out",
              "path": "/nix/store/q6kwmjsww6briwzz9fw8a1vw0xdznbvh-cspell-9.7.0",
              "default": true
            }
          ],
          "store_path": "/nix/store/q6kwmjsww6briwzz9fw8a1vw0xdznbvh-cspell-9.7.0"
        },
        "x86_64-darwin": {
          "outputs": [
            {
              "name": "out",
              "path": "/nix/store/4267yfcydxf572j6ip8s4071g5b7bkb2-cspell-9.7.0",
              "default": true
            }
          ],
          "store_path": "/nix/store/4267yfcydxf572j6ip8s4071g5b7bkb2-cspell-9.7.0"
        },
        "x86_64-linux": {
          "outputs": [
            {
              "name": "out",
              "path": "/nix/store/hzx9xh18papj8wfd7w5l2bbb74pmdvvh-cspell-9.7.0",
              "default": true
            }
          ],
          "store_path": "/nix/store/hzx9xh18papj8wfd7w5l2bbb74pmdvvh-cspell-9.7.0"
        }
      }
    },
    "go@1.26.4": {
      "last_modified": "2026-06-27T07:37:20Z",
      "resolved": "github:NixOS/nixpkgs/3d46470bb3030020f7e1361f33514854f5bfa86d#go",
      "source": "devbox-search",
      "version": "1.26.4",
      "systems": {
        "aarch64-darwin": {
          "outputs": [
            {
              "name": "out",
              "path": "/nix/store/kyai650rrywrzflnwda9mbk2c2j9w68r-go-1.26.4",
              "default": true
            }
          ],
          "store_path": "/nix/store/kyai650rrywrzflnwda9mbk2c2j9w68r-go-1.26.4"
        },
        "aarch64-linux": {
          "outputs": [
            {
              "name": "out",
              "path": "/nix/store/lgcj27hrbanbc93xm9zdrldds7b1jrw8-go-1.26.4",
              "default": true
            }
          ],
          "store_path": "/nix/store/lgcj27hrbanbc93xm9zdrldds7b1jrw8-go-1.26.4"
        },
        "x86_64-darwin": {
          "outputs": [
            {
              "name": "out",
              "path": "/nix/store/h0z6ghmi3cihlbm163d72xs9p9nn04a1-go-1.26.4",
              "default": true
            }
          ],
          "store_path": "/nix/store/h0z6ghmi3cihlbm163d72xs9p9nn04a1-go-1.26.4"
        },
        "x86_64-linux": {
          "outputs": [
            {
              "name": "out",
              "path": "/nix/store/gb0njhqswlc5n127ikgyikvq39r40l6f-go-1.26.4",
              "default": true
            }
          ],
          "store_path": "/nix/store/gb0njhqswlc5n127ikgyikvq39r40l6f-go-1.26.4"
        }
      }
    },
    "golangci-lint@2.12.2": {
      "last_modified": "2026-06-27T07:37:20Z",
      "resolved": "github:NixOS/nixpkgs/3d46470bb3030020f7e1361f33514854f5bfa86d#golangci-lint",
      "source": "devbox-search",
      "version": "2.12.2",
      "systems": {
        "aarch64-darwin": {
          "outputs": [
            {
              "name": "out",
              "path": "/nix/store/q0mwmg8zin7aw87bllirja1bq58mphh6-golangci-lint-2.12.2",
              "default": true
            }
          ],
          "store_path": "/nix/store/q0mwmg8zin7aw87bllirja1bq58mphh6-golangci-lint-2.12.2"
        },
        "aarch64-linux": {
          "outputs": [
            {
              "name": "out",
              "path": "/nix/store/i6f2vzix80whq7z1z1pklzflxk5nbkwd-golangci-lint-2.12.2",
              "default": true
            }
          ],
          "store_path": "/nix/store/i6f2vzix80whq7z1z1pklzflxk5nbkwd-golangci-lint-2.12.2"
        },
        "x86_64-darwin": {
          "outputs": [
            {
              "name": "out",
              "path": "/nix/store/w8c3i6vmxnnj0xixvjsa9lva3rcd2rvs-golangci-lint-2.12.2",
              "default": true
            }
          ],
          "store_path": "/nix/store/w8c3i6vmxnnj0xixvjsa9lva3rcd2rvs-golangci-lint-2.12.2"
        },
        "x86_64-linux": {
          "outputs": [
            {
              "name": "out",
              "path": "/nix/store/1r5xmhis3iq5cn3wfq2jn62yiwsb97sc-golangci-lint-2.12.2",
              "default": true
            }
          ],
          "store_path": "/nix/store/1r5xmhis3iq5cn3wfq2jn62yiwsb97sc-golangci-lint-2.12.2"
        }
      }
    },
    "gotools@0.44.0": {
      "last_modified": "2026-06-27T07:37:20Z",
      "resolved": "github:NixOS/nixpkgs/3d46470bb3030020f7e1361f33514854f5bfa86d#gotools",
      "source": "devbox-search",
      "version": "0.44.0",
      "systems": {
        "aarch64-darwin": {
          "outputs": [
            {
              "name": "out",
              "path": "/nix/store/fh2ikzz3iwlm78r9d12chh7zml4szr1x-gotools-0.44.0",
              "default": true
            }
          ],
          "store_path": "/nix/store/fh2ikzz3iwlm78r9d12chh7zml4szr1x-gotools-0.44.0"
        },
        "aarch64-linux": {
          "outputs": [
            {
              "name": "out",
              "path": "/nix/store/wpfrss2sa04yabkc598qprhpja37jqaz-gotools-0.44.0",
              "default": true
            }
          ],
          "store_path": "/nix/store/wpfrss2sa04yabkc598qprhpja37jqaz-gotools-0.44.0"
        },
        "x86_64-darwin": {
          "outputs": [
            {
              "name": "out",
              "path": "/nix/store/c0gg0pzxcbscxlr07n0idnrkc2mzx7i3-gotools-0.44.0",
              "default": true
            }
          ],
          "store_path": "/nix/store/c0gg0pzxcbscxlr07n0idnrkc2mzx7i3-gotools-0.44.0"
        },
        "x86_64-linux": {
          "outputs": [
            {
              "name": "out",
              "path": "/nix/store/8nd8gnnyll5y584wf9lapk847w53ma03-gotools-0.44.0",
              "default": true
            }
          ],
          "store_path": "/nix/store/8nd8gnnyll5y584wf9lapk847w53ma03-gotools-0.44.0"
        }
      }
    },
    "just@1.55.1": {
      "last_modified": "2026-07-01T06:48:47Z",
      "resolved": "github:NixOS/nixpkgs/f76e4c7b1840704deda511ab34f37b829f6b5636#just",
      "source": "devbox-search",
      "version": "1.55.1",
      "systems": {
        "aarch64-darwin": {
          "outputs": [
            {
              "name": "out",
              "path": "/nix/store/1dhw1q8xgl7xv4s8fc4qn9j2j4p7hk80-just-1.55.1",
              "default": true
            },
            {
              "name": "man",
              "path": "/nix/store/sgz4z3dmacmyjis88lnzmxymnx1biyzx-just-1.55.1-man",
              "default": true
            },
            {
              "name": "doc",
              "path": "/nix/store/00x8x32glg9dl80iaqf0l71x3n61pz3w-just-1.55.1-doc"
            }
          ],
          "store_path": "/nix/store/1dhw1q8xgl7xv4s8fc4qn9j2j4p7hk80-just-1.55.1"
        },
        "aarch64-linux": {
          "outputs": [
            {
              "name": "out",
              "path": "/nix/store/k4wf32cjghnqdb0ia7n0mr3fjjcs6240-just-1.55.1",
              "default": true
            },
            {
              "name": "man",
              "path": "/nix/store/8ah43vk8bvjw2i9rfx7kq8wrfjxg73dl-just-1.55.1-man",
              "default": true
            },
            {
              "name": "doc",
              "path": "/nix/store/bpx387pblrn45yjnscymlwhpfqsfr08s-just-1.55.1-doc"
            }
          ],
          "store_path": "/nix/store/k4wf32cjghnqdb0ia7n0mr3fjjcs6240-just-1.55.1"
        },
        "x86_64-darwin": {
          "outputs": [
            {
              "name": "out",
              "path": "/nix/store/66nwz7gqzp6wkw8r9x23z45lf7ysc74b-just-1.55.1",
              "default": true
            },
            {
              "name": "man",
              "path": "/nix/store/4fz7kgnf4llinmji6nqbd3h20w1v0661-just-1.55.1-man",
              "default": true
            },
            {
              "name": "doc",
              "path": "/nix/store/4hr1i7iizrvxl5qc9xhq12gscgs0b1nl-just-1.55.1-doc"
            }
          ],
          "store_path": "/nix/store/66nwz7gqzp6wkw8r9x23z45lf7ysc74b-just-1.55.1"
        },
        "x86_64-linux": {
          "outputs": [
            {
              "name": "out",
              "path": "/nix/store/4q0ksvaggh0zb50jmff9vr929b0z3r6f-just-1.55.1",
              "default": true
            },
            {
              "name": "man",
              "path": "/nix/store/hzwjzvr50g5rzla3xa8nmd9sak7sqw5i-just-1.55.1-man",
              "default": true
            },
            {
              "name": "doc",
              "path": "/nix/store/kl275lkx9b6qf5d8jjxi1nfwzxigr5qm-just-1.55.1-doc"
            }
          ],
          "store_path": "/nix/store/4q0ksvaggh0zb50jmff9vr929b0z3r6f-just-1.55.1"
        }
      }
    },
    "markdownlint-cli@0.49.0": {
      "last_modified": "2026-06-27T07:37:20Z",
      "resolved": "github:NixOS/nixpkgs/3d46470bb3030020f7e1361f33514854f5bfa86d#markdownlint-cli",
      "source": "devbox-search",
      "version": "0.49.0",
      "systems": {
        "aarch64-darwin": {
          "outputs": [
            {
              "name": "out",
              "path": "/nix/store/wlni0kd8z5n1gnagssvk6j82fw0q3bck-markdownlint-cli-0.49.0",
              "default": true
            }
          ],
          "store_path": "/nix/store/wlni0kd8z5n1gnagssvk6j82fw0q3bck-markdownlint-cli-0.49.0"
        },
        "aarch64-linux": {
          "outputs": [
            {
              "name": "out",
              "path": "/nix/store/3khdl7ghxf7rqly5kx3qbsfndk074y67-markdownlint-cli-0.49.0",
              "default": true
            }
          ],
          "store_path": "/nix/store/3khdl7ghxf7rqly5kx3qbsfndk074y67-markdownlint-cli-0.49.0"
        },
        "x86_64-darwin": {
          "outputs": [
            {
              "name": "out",
              "path": "/nix/store/fkmiv67anvs9r8fv0fzr5f4741vzq3id-markdownlint-cli-0.49.0",
              "default": true
            }
          ],
          "store_path": "/nix/store/fkmiv67anvs9r8fv0fzr5f4741vzq3id-markdownlint-cli-0.49.0"
        },
        "x86_64-linux": {
          "outputs": [
            {
              "name": "out",
              "path": "/nix/store/8wrv1dzf7qr39f11h9h76q9nkphww7lq-markdownlint-cli-0.49.0",
              "default": true
            }
          ],
          "store_path": "/nix/store/8wrv1dzf7qr39f11h9h76q9nkphww7lq-markdownlint-cli-0.49.0"
        }
      }
    },
    "vhs@0.11.0": {
      "last_modified": "2026-08-07T10:21:50Z",
      "resolved": "github:NixOS/nixpkgs/afb4584a80bbf779ce0f691509ff902d188c2b3d#vhs",
      "source": "devbox-search",
      "version": "0.11.0",
      "systems": {
        "aarch64-darwin": {
          "outputs": [
            {
              "name": "out",
              "path": "/nix/store/ca2vc9ryg5pz1xx18idpx3amrjqa1bfw-vhs-0.11.0",
              "default": true
            }
          ],
          "store_path": "/nix/store/ca2vc9ryg5pz1xx18idpx3amrjqa1bfw-vhs-0.11.0"
        },
        "aarch64-linux": {
          "outputs": [
            {
              "name": "out",
              "path": "/nix/store/424s15apl82qjxsmqr1g6jcwcjxzvdsm-vhs-0.11.0",
              "default": true
            }
          ],
          "store_path": "/nix/store/424s15apl82qjxsmqr1g6jcwcjxzvdsm-vhs-0.11.0"
        },
        "x86_64-darwin": {
          "outputs": [
            {
              "name": "out",
              "path": "/nix/store/dpbwcyq99l3lm4p17imyc4vw0r3rrkd6-vhs-0.11.0",
              "default": true
            }
          ],
          "store_path": "/nix/store/dpbwcyq99l3lm4p17imyc4vw0r3rrkd6-vhs-0.11.0"
        },
        "x86_64-linux": {
          "outputs": [
            {
              "name": "out",
              "path": "/nix/store/c8nxijnvnxn3hf38zanskffhwy5nmnxl-vhs-0.11.0",
              "default": true
            }
          ],
          "store_path": "/nix/store/c8nxijnvnxn3hf38zanskffhwy5nmnxl-vhs-0.11.0"
        }
      }
    }
  }
}
